
Microsoft Visual Studio Solution File, Format Version 12.00
# Visual Studio 15
VisualStudioVersion = 15.0.28010.2036
MinimumVisualStudioVersion = 10.0.40219.1
Project("{FAE04EC0-301F-11D3-BF4B-00C04F79EFBC}") = "UDPProxy", "UDPProxy\UDPProxy.csproj", "{D485FC42-F918-4858-9CA5-41F6315DD4F8}"
EndProject
Project("{FAE04EC0-301F-11D3-BF4B-00C04F79EFBC}") = "LightREST", "LightREST\LightREST.csproj", "{DC075A65-DFDD-4683-9969-57513BC56F04}"
EndProject
Project("{FAE04EC0-301F-11D3-BF4B-00C04F79EFBC}") = "ModelLibrary", "ModelLibrary\ModelLibrary.csproj", "{95A67882-6CF8-4417-BB7B-EB107DDFBF8D}"
EndProject
Global
	GlobalSection(SolutionConfigurationPlatforms) = preSolution
		Debug|Any CPU = Debug|Any CPU
		Release|Any CPU = Release|Any CPU
	EndGlobalSection
	GlobalSection(ProjectConfigurationPlatforms) = postSolution
		{D485FC42-F918-4858-9CA5-41F6315DD4F8}.Debug|Any CPU.ActiveCfg = Debug|Any CPU
		{D485FC42-F918-4858-9CA5-41F6315DD4F8}.Debug|Any CPU.Build.0 = Debug|Any CPU
		{D485FC42-F918-4858-9CA5-41F6315DD4F8}.Release|Any CPU.ActiveCfg = Release|Any CPU
		{D485FC42-F918-4858-9CA5-41F6315DD4F8}.Release|Any CPU.Build.0 = Release|Any CPU
		{DC075A65-DFDD-4683-9969-57513BC56F04}.Debug|Any CPU.ActiveCfg = Debug|Any CPU
		{DC075A65-DFDD-4683-9969-57513BC56F04}.Debug|Any CPU.Build.0 = Debug|Any CPU
		{DC075A65-DFDD-4683-9969-57513BC56F04}.Release|Any CPU.ActiveCfg = Release|Any CPU
		{DC075A65-DFDD-4683-9969-57513BC56F04}.Release|Any CPU.Build.0 = Release|Any CPU
		{95A67882-6CF8-4417-BB7B-EB107DDFBF8D}.Debug|Any CPU.ActiveCfg = Debug|Any CPU
		{95A67882-6CF8-4417-BB7B-EB107DDFBF8D}.Debug|Any CPU.Build.0 = Debug|Any CPU
		{95A67882-6CF8-4417-BB7B-EB107DDFBF8D}.Release|Any CPU.ActiveCfg = Release|Any CPU
		{95A67882-6CF8-4417-BB7B-EB107DDFBF8D}.Release|Any CPU.Build.0 = Release|Any CPU
	EndGlobalSection
	GlobalSection(SolutionProperties) = preSolution
		HideSolutionNode = FALSE
	EndGlobalSection
	GlobalSection(ExtensibilityGlobals) = postSolution
		SolutionGuid = {E992ABEA-880D-4DDC-B57A-69802D9E0213}
	EndGlobalSection
EndGlobal
